// !$*UTF8*$!
{
	archiveVersion = 1;
	classes = {
	};
	objectVersion = 55;
	objects = {

/* Begin PBXBuildFile section */
		5681366E282FDCE000EDD846 /* AppDelegate.swift in Sources */ = {isa = PBXBuildFile; fileRef = 5681366D282FDCE000EDD846 /* AppDelegate.swift */; };
		56813670282FDCE000EDD846 /* SceneDelegate.swift in Sources */ = {isa = PBXBuildFile; fileRef = 5681366F282FDCE000EDD846 /* SceneDelegate.swift */; };
		56813672282FDCE000EDD846 /* ViewController.swift in Sources */ = {isa = PBXBuildFile; fileRef = 56813671282FDCE000EDD846 /* ViewController.swift */; };
		56813675282FDCE000EDD846 /* Main.storyboard in Resources */ = {isa = PBXBuildFile; fileRef = 56813673282FDCE000EDD846 /* Main.storyboard */; };
		56813677282FDCE100EDD846 /* Assets.xcassets in Resources */ = {isa = PBXBuildFile; fileRef = 56813676282FDCE100EDD846 /* Assets.xcassets */; };
		5681367A282FDCE100EDD846 /* LaunchScreen.storyboard in Resources */ = {isa = PBXBuildFile; fileRef = 56813678282FDCE100EDD846 /* LaunchScreen.storyboard */; };
		56813685282FDCE100EDD846 /* ChattingExampleTests.swift in Sources */ = {isa = PBXBuildFile; fileRef = 56813684282FDCE100EDD846 /* ChattingExampleTests.swift */; };
		5681368F282FDCE100EDD846 /* ChattingExampleUITests.swift in Sources */ = {isa = PBXBuildFile; fileRef = 5681368E282FDCE100EDD846 /* ChattingExampleUITests.swift */; };
		56813691282FDCE100EDD846 /* ChattingExampleUITestsLaunchTests.swift in Sources */ = {isa = PBXBuildFile; fileRef = 56813690282FDCE100EDD846 /* ChattingExampleUITestsLaunchTests.swift */; };
/* End PBXBuildFile section */

/* Begin PBXContainerItemProxy section */
		56813681282FDCE100EDD846 /* PBXContainerItemProxy */ = {
			isa = PBXContainerItemProxy;
			containerPortal = 56813662282FDCE000EDD846 /* Project object */;
			proxyType = 1;
			remoteGlobalIDString = 56813669282FDCE000EDD846;
			remoteInfo = ChattingExample;
		};
		5681368B282FDCE100EDD846 /* PBXContainerItemProxy */ = {
			isa = PBXContainerItemProxy;
			containerPortal = 56813662282FDCE000EDD846 /* Project object */;
			proxyType = 1;
			remoteGlobalIDString = 56813669282FDCE000EDD846;
			remoteInfo = ChattingExample;
		};
/* End PBXContainerItemProxy section */

/* Begin PBXFileReference section */
		5681366A282FDCE000EDD846 /* ChattingExample.app */ = {isa = PBXFileReference; explicitFileType = wrapper.application; includeInIndex = 0; path = ChattingExample.app; sourceTree = BUILT_PRODUCTS_DIR; };
		5681366D282FDCE000EDD846 /* AppDelegate.swift */ = {isa = PBXFileReference; lastKnownFileType = sourcecode.swift; path = AppDelegate.swift; sourceTree = "<group>"; };
		5681366F282FDCE000EDD846 /* SceneDelegate.swift */ = {isa = PBXFileReference; lastKnownFileType = sourcecode.swift; path = SceneDelegate.swift; sourceTree = "<group>"; };
		56813671282FDCE000EDD846 /* ViewController.swift */ = {isa = PBXFileReference; lastKnownFileType = sourcecode.swift; path = ViewController.swift; sourceTree = "<group>"; };
		56813674282FDCE000EDD846 /* Base */ = {isa = PBXFileReference; lastKnownFileType = file.storyboard; name = Base; path = Base.lproj/Main.storyboard; sourceTree = "<group>"; };
		56813676282FDCE100EDD846 /* Assets.xcassets */ = {isa = PBXFileReference; lastKnownFileType = folder.assetcatalog; path = Assets.xcassets; sourceTree = "<group>"; };
		56813679282FDCE100EDD846 /* Base */ = {isa = PBXFileReference; lastKnownFileType = file.storyboard; name = Base; path = Base.lproj/LaunchScreen.storyboard; sourceTree = "<group>"; };
		5681367B282FDCE100EDD846 /* Info.plist */ = {isa = PBXFileReference; lastKnownFileType = text.plist.xml; path = Info.plist; sourceTree = "<group>"; };
		56813680282FDCE100EDD846 /* ChattingExampleTests.xctest */ = {isa = PBXFileReference; explicitFileType = wrapper.cfbundle; includeInIndex = 0; path = ChattingExampleTests.xctest; sourceTree = BUILT_PRODUCTS_DIR; };
		56813684282FDCE100EDD846 /* ChattingExampleTests.swift */ = {isa = PBXFileReference; lastKnownFileType = sourcecode.swift; path = ChattingExampleTests.swift; sourceTree = "<group>"; };
		5681368A282FDCE100EDD846 /* ChattingExampleUITests.xctest */ = {isa = PBXFileReference; explicitFileType = wrapper.cfbundle; includeInIndex = 0; path = ChattingExampleUITests.xctest; sourceTree = BUILT_PRODUCTS_DIR; };
		5681368E282FDCE100EDD846 /* ChattingExampleUITests.swift */ = {isa = PBXFileReference; lastKnownFileType = sourcecode.swift; path = ChattingExampleUITests.swift; sourceTree = "<group>"; };
		56813690282FDCE100EDD846 /* ChattingExampleUITestsLaunchTests.swift */ = {isa = PBXFileReference; lastKnownFileType = sourcecode.swift; path = ChattingExampleUITestsLaunchTests.swift; sourceTree = "<group>"; };
/* End PBXFileReference section */

/* Begin PBXFrameworksBuildPhase section */
		56813667282FDCE000EDD846 /* Frameworks */ = {
			isa = PBXFrameworksBuildPhase;
			buildActionMask = 2147483647;
			files = (
			);
			runOnlyForDeploymentPostprocessing = 0;
		};
		5681367D282FDCE100EDD846 /* Frameworks */ = {
			isa = PBXFrameworksBuildPhase;
			buildActionMask = 2147483647;
			files = (
			);
			runOnlyForDeploymentPostprocessing = 0;
		};
		56813687282FDCE100EDD846 /* Frameworks */ = {
			isa = PBXFrameworksBuildPhase;
			buildActionMask = 2147483647;
			files = (
			);
			runOnlyForDeploymentPostprocessing = 0;
		};
/* End PBXFrameworksBuildPhase section */

/* Begin PBXGroup section */
		56813661282FDCE000EDD846 = {
			isa = PBXGroup;
			children = (
				5681366C282FDCE000EDD846 /* ChattingExample */,
				56813683282FDCE100EDD846 /* ChattingExampleTests */,
				5681368D282FDCE100EDD846 /* ChattingExampleUITests */,
				5681366B282FDCE000EDD846 /* Products */,
			);
			sourceTree = "<group>";
		};
		5681366B282FDCE000EDD846 /* Products */ = {
			isa = PBXGroup;
			children = (
				5681366A282FDCE000EDD846 /* ChattingExample.app */,
				56813680282FDCE100EDD846 /* ChattingExampleTests.xctest */,
				5681368A282FDCE100EDD846 /* ChattingExampleUITests.xctest */,
			);
			name = Products;
			sourceTree = "<group>";
		};
		5681366C282FDCE000EDD846 /* ChattingExample */ = {
			isa = PBXGroup;
			children = (
				5681366D282FDCE000EDD846 /* AppDelegate.swift */,
				5681366F282FDCE000EDD846 /* SceneDelegate.swift */,
				56813671282FDCE000EDD846 /* ViewController.swift */,
				56813673282FDCE000EDD846 /* Main.storyboard */,
				56813676282FDCE100EDD846 /* Assets.xcassets */,
				56813678282FDCE100EDD846 /* LaunchScreen.storyboard */,
				5681367B282FDCE100EDD846 /* Info.plist */,
			);
			path = ChattingExample;
			sourceTree = "<group>";
		};
		56813683282FDCE100EDD846 /* ChattingExampleTests */ = {
			isa = PBXGroup;
			children = (
				56813684282FDCE100EDD846 /* ChattingExampleTests.swift */,
			);
			path = ChattingExampleTests;
			sourceTree = "<group>";
		};
		5681368D282FDCE100EDD846 /* ChattingExampleUITests */ = {
			isa = PBXGroup;
			children = (
				5681368E282FDCE100EDD846 /* ChattingExampleUITests.swift */,
				56813690282FDCE100EDD846 /* ChattingExampleUITestsLaunchTests.swift */,
			);
			path = ChattingExampleUITests;
			sourceTree = "<group>";
		};
/* End PBXGroup section */

/* Begin PBXNativeTarget section */
		56813669282FDCE000EDD846 /* ChattingExample */ = {
			isa = PBXNativeTarget;
			buildConfigurationList = 56813694282FDCE100EDD846 /* Build configuration list for PBXNativeTarget "ChattingExample" */;
			buildPhases = (
				56813666282FDCE000EDD846 /* Sources */,
				56813667282FDCE000EDD846 /* Frameworks */,
				56813668282FDCE000EDD846 /* Resources */,
			);
			buildRules = (
			);
			dependencies = (
			);
			name = ChattingExample;
			productName = ChattingExample;
			productReference = 5681366A282FDCE000EDD846 /* ChattingExample.app */;
			productType = "com.apple.product-type.application";
		};
		5681367F282FDCE100EDD846 /* ChattingExampleTests */ = {
			isa = PBXNativeTarget;
			buildConfigurationList = 56813697282FDCE100EDD846 /* Build configuration list for PBXNativeTarget "ChattingExampleTests" */;
			buildPhases = (
				5681367C282FDCE100EDD846 /* Sources */,
				5681367D282FDCE100EDD846 /* Frameworks */,
				5681367E282FDCE100EDD846 /* Resources */,
			);
			buildRules = (
			);
			dependencies = (
				56813682282FDCE100EDD846 /* PBXTargetDependency */,
			);
			name = ChattingExampleTests;
			productName = ChattingExampleTests;
			productReference = 56813680282FDCE100EDD846 /* ChattingExampleTests.xctest */;
			productType = "com.apple.product-type.bundle.unit-test";
		};
		56813689282FDCE100EDD846 /* ChattingExampleUITests */ = {
			isa = PBXNativeTarget;
			buildConfigurationList = 5681369A282FDCE100EDD846 /* Build configuration list for PBXNativeTarget "ChattingExampleUITests" */;
			buildPhases = (
				56813686282FDCE100EDD846 /* Sources */,
				56813687282FDCE100EDD846 /* Frameworks */,
				56813688282FDCE100EDD846 /* Resources */,
			);
			buildRules = (
			);
			dependencies = (
				5681368C282FDCE100EDD846 /* PBXTargetDependency */,
			);
			name = ChattingExampleUITests;
			productName = ChattingExampleUITests;
			productReference = 5681368A282FDCE100EDD846 /* ChattingExampleUITests.xctest */;
			productType = "com.apple.product-type.bundle.ui-testing";
		};
/* End PBXNativeTarget section */

/* Begin PBXProject section */
		56813662282FDCE000EDD846 /* Project object */ = {
			isa = PBXProject;
			attributes = {
				BuildIndependentTargetsInParallel = 1;
				LastSwiftUpdateCheck = 1330;
				LastUpgradeCheck = 1330;
				TargetAttributes = {
					56813669282FDCE000EDD846 = {
						CreatedOnToolsVersion = 13.3.1;
					};
					5681367F282FDCE100EDD846 = {
						CreatedOnToolsVersion = 13.3.1;
						TestTargetID = 56813669282FDCE000EDD846;
					};
					56813689282FDCE100EDD846 = {
						CreatedOnToolsVersion = 13.3.1;
						TestTargetID = 56813669282FDCE000EDD846;
					};
				};
			};
			buildConfigurationList = 56813665282FDCE000EDD846 /* Build configuration list for PBXProject "ChattingExample" */;
			compatibilityVersion = "Xcode 13.0";
			developmentRegion = en;
			hasScannedForEncodings = 0;
			knownRegions = (
				en,
				Base,
			);
			mainGroup = 56813661282FDCE000EDD846;
			productRefGroup = 5681366B282FDCE000EDD846 /* Products */;
			projectDirPath = "";
			projectRoot = "";
			targets = (
				56813669282FDCE000EDD846 /* ChattingExample */,
				5681367F282FDCE100EDD846 /* ChattingExampleTests */,
				56813689282FDCE100EDD846 /* ChattingExampleUITests */,
			);
		};
/* End PBXProject section */

/* Begin PBXResourcesBuildPhase section */
		56813668282FDCE000EDD846 /* Resources */ = {
			isa = PBXResourcesBuildPhase;
			buildActionMask = 2147483647;
			files = (
				5681367A282FDCE100EDD846 /* LaunchScreen.storyboard in Resources */,
				56813677282FDCE100EDD846 /* Assets.xcassets in Resources */,
				56813675282FDCE000EDD846 /* Main.storyboard in Resources */,
			);
			runOnlyForDeploymentPostprocessing = 0;
		};
		5681367E282FDCE100EDD846 /* Resources */ = {
			isa = PBXResourcesBuildPhase;
			buildActionMask = 2147483647;
			files = (
			);
			runOnlyForDeploymentPostprocessing = 0;
		};
		56813688282FDCE100EDD846 /* Resources */ = {
			isa = PBXResourcesBuildPhase;
			buildActionMask = 2147483647;
			files = (
			);
			runOnlyForDeploymentPostprocessing = 0;
		};
/* End PBXResourcesBuildPhase section */

/* Begin PBXSourcesBuildPhase section */
		56813666282FDCE000EDD846 /* Sources */ = {
			isa = PBXSourcesBuildPhase;
			buildActionMask = 2147483647;
			files = (
				56813672282FDCE000EDD846 /* ViewController.swift in Sources */,
				5681366E282FDCE000EDD846 /* AppDelegate.swift in Sources */,
				56813670282FDCE000EDD846 /* SceneDelegate.swift in Sources */,
			);
			runOnlyForDeploymentPostprocessing = 0;
		};
		5681367C282FDCE100EDD846 /* Sources */ = {
			isa = PBXSourcesBuildPhase;
			buildActionMask = 2147483647;
			files = (
				56813685282FDCE100EDD846 /* ChattingExampleTests.swift in Sources */,
			);
			runOnlyForDeploymentPostprocessing = 0;
		};
		56813686282FDCE100EDD846 /* Sources */ = {
			isa = PBXSourcesBuildPhase;
			buildActionMask = 2147483647;
			files = (
				5681368F282FDCE100EDD846 /* ChattingExampleUITests.swift in Sources */,
				56813691282FDCE100EDD846 /* ChattingExampleUITestsLaunchTests.swift in Sources */,
			);
			runOnlyForDeploymentPostprocessing = 0;
		};
/* End PBXSourcesBuildPhase section */

/* Begin PBXTargetDependency section */
		56813682282FDCE100EDD846 /* PBXTargetDependency */ = {
			isa = PBXTargetDependency;
			target = 56813669282FDCE000EDD846 /* ChattingExample */;
			targetProxy = 56813681282FDCE100EDD846 /* PBXContainerItemProxy */;
		};
		5681368C282FDCE100EDD846 /* PBXTargetDependency */ = {
			isa = PBXTargetDependency;
			target = 56813669282FDCE000EDD846 /* ChattingExample */;
			targetProxy = 5681368B282FDCE100EDD846 /* PBXContainerItemProxy */;
		};
/* End PBXTargetDependency section */

/* Begin PBXVariantGroup section */
		56813673282FDCE000EDD846 /* Main.storyboard */ = {
			isa = PBXVariantGroup;
			children = (
				56813674282FDCE000EDD846 /* Base */,
			);
			name = Main.storyboard;
			sourceTree = "<group>";
		};
		56813678282FDCE100EDD846 /* LaunchScreen.storyboard */ = {
			isa = PBXVariantGroup;
			children = (
				56813679282FDCE100EDD846 /* Base */,
			);
			name = LaunchScreen.storyboard;
			sourceTree = "<group>";
		};
/* End PBXVariantGroup section */

/* Begin XCBuildConfiguration section */
		56813692282FDCE100EDD846 /* Debug */ = {
			isa = XCBuildConfiguration;
			buildSettings = {
				ALWAYS_SEARCH_USER_PATHS = NO;
				CLANG_ANALYZER_NONNULL = YES;
				CLANG_ANALYZER_NUMBER_OBJECT_CONVERSION = YES_AGGRESSIVE;
				CLANG_CXX_LANGUAGE_STANDARD = "gnu++17";
				CLANG_ENABLE_MODULES = YES;
				CLANG_ENABLE_OBJC_ARC = YES;
				CLANG_ENABLE_OBJC_WEAK = YES;
				CLANG_WARN_BLOCK_CAPTURE_AUTORELEASING = YES;
				CLANG_WARN_BOOL_CONVERSION = YES;
				CLANG_WARN_COMMA = YES;
				CLANG_WARN_CONSTANT_CONVERSION = YES;
				CLANG_WARN_DEPRECATED_OBJC_IMPLEMENTATIONS = YES;
				CLANG_WARN_DIRECT_OBJC_ISA_USAGE = YES_ERROR;
				CLANG_WARN_DOCUMENTATION_COMMENTS = YES;
				CLANG_WARN_EMPTY_BODY = YES;
				CLANG_WARN_ENUM_CONVERSION = YES;
				CLANG_WARN_INFINITE_RECURSION = YES;
				CLANG_WARN_INT_CONVERSION = YES;
				CLANG_WARN_NON_LITERAL_NULL_CONVERSION = YES;
				CLANG_WARN_OBJC_IMPLICIT_RETAIN_SELF = YES;
				CLANG_WARN_OBJC_LITERAL_CONVERSION = YES;
				CLANG_WARN_OBJC_ROOT_CLASS = YES_ERROR;
				CLANG_WARN_QUOTED_INCLUDE_IN_FRAMEWORK_HEADER = YES;
				CLANG_WARN_RANGE_LOOP_ANALYSIS = YES;
				CLANG_WARN_STRICT_PROTOTYPES = YES;
				CLANG_WARN_SUSPICIOUS_MOVE = YES;
				CLANG_WARN_UNGUARDED_AVAILABILITY = YES_AGGRESSIVE;
				CLANG_WARN_UNREACHABLE_CODE = YES;
				CLANG_WARN__DUPLICATE_METHOD_MATCH = YES;
				COPY_PHASE_STRIP = NO;
				DEBUG_INFORMATION_FORMAT = dwarf;
				ENABLE_STRICT_OBJC_MSGSEND = YES;
				ENABLE_TESTABILITY = YES;
				GCC_C_LANGUAGE_STANDARD = gnu11;
				GCC_DYNAMIC_NO_PIC = NO;
				GCC_NO_COMMON_BLOCKS = YES;
				GCC_OPTIMIZATION_LEVEL = 0;
				GCC_PREPROCESSOR_DEFINITIONS = (
					"DEBUG=1",
					"$(inherited)",
				);
				GCC_WARN_64_TO_32_BIT_CONVERSION = YES;
				GCC_WARN_ABOUT_RETURN_TYPE = YES_ERROR;
				GCC_WARN_UNDECLARED_SELECTOR = YES;
				GCC_WARN_UNINITIALIZED_AUTOS = YES_AGGRESSIVE;
				GCC_WARN_UNUSED_FUNCTION = YES;
				GCC_WARN_UNUSED_VARIABLE = YES;
				IPHONEOS_DEPLOYMENT_TARGET = 15.4;
				MTL_ENABLE_DEBUG_INFO = INCLUDE_SOURCE;
				MTL_FAST_MATH = YES;
				ONLY_ACTIVE_ARCH = YES;
				SDKROOT = iphoneos;
				SWIFT_ACTIVE_COMPILATION_CONDITIONS = DEBUG;
				SWIFT_OPTIMIZATION_LEVEL = "-Onone";
			};
			name = Debug;
		};
		56813693282FDCE100EDD846 /* Release */ = {
			isa = XCBuildConfiguration;
			buildSettings = {
				ALWAYS_SEARCH_USER_PATHS = NO;
				CLANG_ANALYZER_NONNULL = YES;
				CLANG_ANALYZER_NUMBER_OBJECT_CONVERSION = YES_AGGRESSIVE;
				CLANG_CXX_LANGUAGE_STANDARD = "gnu++17";
				CLANG_ENABLE_MODULES = YES;
				CLANG_ENABLE_OBJC_ARC = YES;
				CLANG_ENABLE_OBJC_WEAK = YES;
				CLANG_WARN_BLOCK_CAPTURE_AUTORELEASING = YES;
				CLANG_WARN_BOOL_CONVERSION = YES;
				CLANG_WARN_COMMA = YES;
				CLANG_WARN_CONSTANT_CONVERSION = YES;
				CLANG_WARN_DEPRECATED_OBJC_IMPLEMENTATIONS = YES;
				CLANG_WARN_DIRECT_OBJC_ISA_USAGE = YES_ERROR;
				CLANG_WARN_DOCUMENTATION_COMMENTS = YES;
				CLANG_WARN_EMPTY_BODY = YES;
				CLANG_WARN_ENUM_CONVERSION = YES;
				CLANG_WARN_INFINITE_RECURSION = YES;
				CLANG_WARN_INT_CONVERSION = YES;
				CLANG_WARN_NON_LITERAL_NULL_CONVERSION = YES;
				CLANG_WARN_OBJC_IMPLICIT_RETAIN_SELF = YES;
				CLANG_WARN_OBJC_LITERAL_CONVERSION = YES;
				CLANG_WARN_OBJC_ROOT_CLASS = YES_ERROR;
				CLANG_WARN_QUOTED_INCLUDE_IN_FRAMEWORK_HEADER = YES;
				CLANG_WARN_RANGE_LOOP_ANALYSIS = YES;
				CLANG_WARN_STRICT_PROTOTYPES = YES;
				CLANG_WARN_SUSPICIOUS_MOVE = YES;
				CLANG_WARN_UNGUARDED_AVAILABILITY = YES_AGGRESSIVE;
				CLANG_WARN_UNREACHABLE_CODE = YES;
				CLANG_WARN__DUPLICATE_METHOD_MATCH = YES;
				COPY_PHASE_STRIP = NO;
				DEBUG_INFORMATION_FORMAT = "dwarf-with-dsym";
				ENABLE_NS_ASSERTIONS = NO;
				ENABLE_STRICT_OBJC_MSGSEND = YES;
				GCC_C_LANGUAGE_STANDARD = gnu11;
				GCC_NO_COMMON_BLOCKS = YES;
				GCC_WARN_64_TO_32_BIT_CONVERSION = YES;
				GCC_WARN_ABOUT_RETURN_TYPE = YES_ERROR;
				GCC_WARN_UNDECLARED_SELECTOR = YES;
				GCC_WARN_UNINITIALIZED_AUTOS = YES_AGGRESSIVE;
				GCC_WARN_UNUSED_FUNCTION = YES;
				GCC_WARN_UNUSED_VARIABLE = YES;
				IPHONEOS_DEPLOYMENT_TARGET = 15.4;
				MTL_ENABLE_DEBUG_INFO = NO;
				MTL_FAST_MATH = YES;
				SDKROOT = iphoneos;
				SWIFT_COMPILATION_MODE = wholemodule;
				SWIFT_OPTIMIZATION_LEVEL = "-O";
				VALIDATE_PRODUCT = YES;
			};
			name = Release;
		};
		56813695282FDCE100EDD846 /* Debug */ = {
			isa = XCBuildConfiguration;
			buildSettings = {
				ASSETCATALOG_COMPILER_APPICON_NAME = AppIcon;
				ASSETCATALOG_COMPILER_GLOBAL_ACCENT_COLOR_NAME = AccentColor;
				CODE_SIGN_STYLE = Automatic;
				CURRENT_PROJECT_VERSION = 1;
				GENERATE_INFOPLIST_FILE = YES;
				INFOPLIST_FILE = ChattingExample/Info.plist;
				INFOPLIST_KEY_UIApplicationSupportsIndirectInputEvents = YES;
				INFOPLIST_KEY_UILaunchStoryboardName = LaunchScreen;
				INFOPLIST_KEY_UIMainStoryboardFile = Main;
				INFOPLIST_KEY_UISupportedInterfaceOrientations_iPad = "UIInterfaceOrientationPortrait UIInterfaceOrientationPortraitUpsideDown UIInterfaceOrientationLandscapeLeft UIInterfaceOrientationLandscapeRight";
				INFOPLIST_KEY_UISupportedInterfaceOrientations_iPhone = "UIInterfaceOrientationPortrait UIInterfaceOrientationLandscapeLeft UIInterfaceOrientationLandscapeRight";
				LD_RUNPATH_SEARCH_PATHS = (
					"$(inherited)",
					"@executable_path/Frameworks",
				);
				MARKETING_VERSION = 1.0;
				PRODUCT_BUNDLE_IDENTIFIER = seungmin.ChattingExample;
				PRODUCT_NAME = "$(TARGET_NAME)";
				SWIFT_EMIT_LOC_STRINGS = YES;
				SWIFT_VERSION = 5.0;
				TARGETED_DEVICE_FAMILY = "1,2";
			};
			name = Debug;
		};
		56813696282FDCE100EDD846 /* Release */ = {
			isa = XCBuildConfiguration;
			buildSettings = {
				ASSETCATALOG_COMPILER_APPICON_NAME = AppIcon;
				ASSETCATALOG_COMPILER_GLOBAL_ACCENT_COLOR_NAME = AccentColor;
				CODE_SIGN_STYLE = Automatic;
				CURRENT_PROJECT_VERSION = 1;
				GENERATE_INFOPLIST_FILE = YES;
				INFOPLIST_FILE = ChattingExample/Info.plist;
				INFOPLIST_KEY_UIApplicationSupportsIndirectInputEvents = YES;
				INFOPLIST_KEY_UILaunchStoryboardName = LaunchScreen;
				INFOPLIST_KEY_UIMainStoryboardFile = Main;
				INFOPLIST_KEY_UISupportedInterfaceOrientations_iPad = "UIInterfaceOrientationPortrait UIInterfaceOrientationPortraitUpsideDown UIInterfaceOrientationLandscapeLeft UIInterfaceOrientationLandscapeRight";
				INFOPLIST_KEY_UISupportedInterfaceOrientations_iPhone = "UIInterfaceOrientationPortrait UIInterfaceOrientationLandscapeLeft UIInterfaceOrientationLandscapeRight";
				LD_RUNPATH_SEARCH_PATHS = (
					"$(inherited)",
					"@executable_path/Frameworks",
				);
				MARKETING_VERSION = 1.0;
				PRODUCT_BUNDLE_IDENTIFIER = seungmin.ChattingExample;
				PRODUCT_NAME = "$(TARGET_NAME)";
				SWIFT_EMIT_LOC_STRINGS = YES;
				SWIFT_VERSION = 5.0;
				TARGETED_DEVICE_FAMILY = "1,2";
			};
			name = Release;
		};
		56813698282FDCE100EDD846 /* Debug */ = {
			isa = XCBuildConfiguration;
			buildSettings = {
				ALWAYS_EMBED_SWIFT_STANDARD_LIBRARIES = YES;
				BUNDLE_LOADER = "$(TEST_HOST)";
				CODE_SIGN_STYLE = Automatic;
				CURRENT_PROJECT_VERSION = 1;
				GENERATE_INFOPLIST_FILE = YES;
				IPHONEOS_DEPLOYMENT_TARGET = 15.4;
				MARKETING_VERSION = 1.0;
				PRODUCT_BUNDLE_IDENTIFIER = seungmin.ChattingExampleTests;
				PRODUCT_NAME = "$(TARGET_NAME)";
				SWIFT_EMIT_LOC_STRINGS = NO;
				SWIFT_VERSION = 5.0;
				TARGETED_DEVICE_FAMILY = "1,2";
				TEST_HOST = "$(BUILT_PRODUCTS_DIR)/ChattingExample.app/ChattingExample";
			};
			name = Debug;
		};
		56813699282FDCE100EDD846 /* Release */ = {
			isa = XCBuildConfiguration;
			buildSettings = {
				ALWAYS_EMBED_SWIFT_STANDARD_LIBRARIES = YES;
				BUNDLE_LOADER = "$(TEST_HOST)";
				CODE_SIGN_STYLE = Automatic;
				CURRENT_PROJECT_VERSION = 1;
				GENERATE_INFOPLIST_FILE = YES;
				IPHONEOS_DEPLOYMENT_TARGET = 15.4;
				MARKETING_VERSION = 1.0;
				PRODUCT_BUNDLE_IDENTIFIER = seungmin.ChattingExampleTests;
				PRODUCT_NAME = "$(TARGET_NAME)";
				SWIFT_EMIT_LOC_STRINGS = NO;
				SWIFT_VERSION = 5.0;
				TARGETED_DEVICE_FAMILY = "1,2";
				TEST_HOST = "$(BUILT_PRODUCTS_DIR)/ChattingExample.app/ChattingExample";
			};
			name = Release;
		};
		5681369B282FDCE100EDD846 /* Debug */ = {
			isa = XCBuildConfiguration;
			buildSettings = {
				ALWAYS_EMBED_SWIFT_STANDARD_LIBRARIES = YES;
				CODE_SIGN_STYLE = Automatic;
				CURRENT_PROJECT_VERSION = 1;
				GENERATE_INFOPLIST_FILE = YES;
				MARKETING_VERSION = 1.0;
				PRODUCT_BUNDLE_IDENTIFIER = seungmin.ChattingExampleUITests;
				PRODUCT_NAME = "$(TARGET_NAME)";
				SWIFT_EMIT_LOC_STRINGS = NO;
				SWIFT_VERSION = 5.0;
				TARGETED_DEVICE_FAMILY = "1,2";
				TEST_TARGET_NAME = ChattingExample;
			};
			name = Debug;
		};
		5681369C282FDCE100EDD846 /* Release */ = {
			isa = XCBuildConfiguration;
			buildSettings = {
				ALWAYS_EMBED_SWIFT_STANDARD_LIBRARIES = YES;
				CODE_SIGN_STYLE = Automatic;
				CURRENT_PROJECT_VERSION = 1;
				GENERATE_INFOPLIST_FILE = YES;
				MARKETING_VERSION = 1.0;
				PRODUCT_BUNDLE_IDENTIFIER = seungmin.ChattingExampleUITests;
				PRODUCT_NAME = "$(TARGET_NAME)";
				SWIFT_EMIT_LOC_STRINGS = NO;
				SWIFT_VERSION = 5.0;
				TARGETED_DEVICE_FAMILY = "1,2";
				TEST_TARGET_NAME = ChattingExample;
			};
			name = Release;
		};
/* End XCBuildConfiguration section */

/* Begin XCConfigurationList section */
		56813665282FDCE000EDD846 /* Build configuration list for PBXProject "ChattingExample" */ = {
			isa = XCConfigurationList;
			buildConfigurations = (
				56813692282FDCE100EDD846 /* Debug */,
				56813693282FDCE100EDD846 /* Release */,
			);
			defaultConfigurationIsVisible = 0;
			defaultConfigurationName = Release;
		};
		56813694282FDCE100EDD846 /* Build configuration list for PBXNativeTarget "ChattingExample" */ = {
			isa = XCConfigurationList;
			buildConfigurations = (
				56813695282FDCE100EDD846 /* Debug */,
				56813696282FDCE100EDD846 /* Release */,
			);
			defaultConfigurationIsVisible = 0;
			defaultConfigurationName = Release;
		};
		56813697282FDCE100EDD846 /* Build configuration list for PBXNativeTarget "ChattingExampleTests" */ = {
			isa = XCConfigurationList;
			buildConfigurations = (
				56813698282FDCE100EDD846 /* Debug */,
				56813699282FDCE100EDD846 /* Release */,
			);
			defaultConfigurationIsVisible = 0;
			defaultConfigurationName = Release;
		};
		5681369A282FDCE100EDD846 /* Build configuration list for PBXNativeTarget "ChattingExampleUITests" */ = {
			isa = XCConfigurationList;
			buildConfigurations = (
				5681369B282FDCE100EDD846 /* Debug */,
				5681369C282FDCE100EDD846 /* Release */,
			);
			defaultConfigurationIsVisible = 0;
			defaultConfigurationName = Release;
		};
/* End XCConfigurationList section */
	};
	rootObject = 56813662282FDCE000EDD846 /* Project object */;
}
