// !$*UTF8*$!
{
	archiveVersion = 1;
	classes = {
	};
	objectVersion = 55;
	objects = {

/* Begin PBXBuildFile section */
		56813632282FDBF300EDD846 /* AppDelegate.swift in Sources */ = {isa = PBXBuildFile; fileRef = 56813631282FDBF300EDD846 /* AppDelegate.swift */; };
		56813634282FDBF300EDD846 /* SceneDelegate.swift in Sources */ = {isa = PBXBuildFile; fileRef = 56813633282FDBF300EDD846 /* SceneDelegate.swift */; };
		56813636282FDBF300EDD846 /* LoginViewController.swift in Sources */ = {isa = PBXBuildFile; fileRef = 56813635282FDBF300EDD846 /* LoginViewController.swift */; };
		5681363B282FDBF600EDD846 /* Assets.xcassets in Resources */ = {isa = PBXBuildFile; fileRef = 5681363A282FDBF600EDD846 /* Assets.xcassets */; };
		5681363E282FDBF600EDD846 /* LaunchScreen.storyboard in Resources */ = {isa = PBXBuildFile; fileRef = 5681363C282FDBF600EDD846 /* LaunchScreen.storyboard */; };
		56813649282FDBF600EDD846 /* LoginExampleTests.swift in Sources */ = {isa = PBXBuildFile; fileRef = 56813648282FDBF600EDD846 /* LoginExampleTests.swift */; };
		56813653282FDBF600EDD846 /* LoginExampleUITests.swift in Sources */ = {isa = PBXBuildFile; fileRef = 56813652282FDBF600EDD846 /* LoginExampleUITests.swift */; };
		56813655282FDBF600EDD846 /* LoginExampleUITestsLaunchTests.swift in Sources */ = {isa = PBXBuildFile; fileRef = 56813654282FDBF600EDD846 /* LoginExampleUITestsLaunchTests.swift */; };
		C77344185FDF9A27EAAFB7F4 /* Pods_LoginExample.framework in Frameworks */ = {isa = PBXBuildFile; fileRef = DA7870255D59240ED080DC64 /* Pods_LoginExample.framework */; };
/* End PBXBuildFile section */

/* Begin PBXContainerItemProxy section */
		56813645282FDBF600EDD846 /* PBXContainerItemProxy */ = {
			isa = PBXContainerItemProxy;
			containerPortal = 56813626282FDBF300EDD846 /* Project object */;
			proxyType = 1;
			remoteGlobalIDString = 5681362D282FDBF300EDD846;
			remoteInfo = LoginExample;
		};
		5681364F282FDBF600EDD846 /* PBXContainerItemProxy */ = {
			isa = PBXContainerItemProxy;
			containerPortal = 56813626282FDBF300EDD846 /* Project object */;
			proxyType = 1;
			remoteGlobalIDString = 5681362D282FDBF300EDD846;
			remoteInfo = LoginExample;
		};
/* End PBXContainerItemProxy section */

/* Begin PBXFileReference section */
		5681362E282FDBF300EDD846 /* LoginExample.app */ = {isa = PBXFileReference; explicitFileType = wrapper.application; includeInIndex = 0; path = LoginExample.app; sourceTree = BUILT_PRODUCTS_DIR; };
		56813631282FDBF300EDD846 /* AppDelegate.swift */ = {isa = PBXFileReference; lastKnownFileType = sourcecode.swift; path = AppDelegate.swift; sourceTree = "<group>"; };
		56813633282FDBF300EDD846 /* SceneDelegate.swift */ = {isa = PBXFileReference; lastKnownFileType = sourcecode.swift; path = SceneDelegate.swift; sourceTree = "<group>"; };
		56813635282FDBF300EDD846 /* LoginViewController.swift */ = {isa = PBXFileReference; lastKnownFileType = sourcecode.swift; path = LoginViewController.swift; sourceTree = "<group>"; };
		5681363A282FDBF600EDD846 /* Assets.xcassets */ = {isa = PBXFileReference; lastKnownFileType = folder.assetcatalog; path = Assets.xcassets; sourceTree = "<group>"; };
		5681363D282FDBF600EDD846 /* Base */ = {isa = PBXFileReference; lastKnownFileType = file.storyboard; name = Base; path = Base.lproj/LaunchScreen.storyboard; sourceTree = "<group>"; };
		5681363F282FDBF600EDD846 /* Info.plist */ = {isa = PBXFileReference; lastKnownFileType = text.plist.xml; path = Info.plist; sourceTree = "<group>"; };
		56813644282FDBF600EDD846 /* LoginExampleTests.xctest */ = {isa = PBXFileReference; explicitFileType = wrapper.cfbundle; includeInIndex = 0; path = LoginExampleTests.xctest; sourceTree = BUILT_PRODUCTS_DIR; };
		56813648282FDBF600EDD846 /* LoginExampleTests.swift */ = {isa = PBXFileReference; lastKnownFileType = sourcecode.swift; path = LoginExampleTests.swift; sourceTree = "<group>"; };
		5681364E282FDBF600EDD846 /* LoginExampleUITests.xctest */ = {isa = PBXFileReference; explicitFileType = wrapper.cfbundle; includeInIndex = 0; path = LoginExampleUITests.xctest; sourceTree = BUILT_PRODUCTS_DIR; };
		56813652282FDBF600EDD846 /* LoginExampleUITests.swift */ = {isa = PBXFileReference; lastKnownFileType = sourcecode.swift; path = LoginExampleUITests.swift; sourceTree = "<group>"; };
		56813654282FDBF600EDD846 /* LoginExampleUITestsLaunchTests.swift */ = {isa = PBXFileReference; lastKnownFileType = sourcecode.swift; path = LoginExampleUITestsLaunchTests.swift; sourceTree = "<group>"; };
		5D12FD414946445C9D621F0C /* Pods-LoginExample.debug.xcconfig */ = {isa = PBXFileReference; includeInIndex = 1; lastKnownFileType = text.xcconfig; name = "Pods-LoginExample.debug.xcconfig"; path = "Target Support Files/Pods-LoginExample/Pods-LoginExample.debug.xcconfig"; sourceTree = "<group>"; };
		80D3262F79388878DAA37618 /* Pods-LoginExample.release.xcconfig */ = {isa = PBXFileReference; includeInIndex = 1; lastKnownFileType = text.xcconfig; name = "Pods-LoginExample.release.xcconfig"; path = "Target Support Files/Pods-LoginExample/Pods-LoginExample.release.xcconfig"; sourceTree = "<group>"; };
		DA7870255D59240ED080DC64 /* Pods_LoginExample.framework */ = {isa = PBXFileReference; explicitFileType = wrapper.framework; includeInIndex = 0; path = Pods_LoginExample.framework; sourceTree = BUILT_PRODUCTS_DIR; };
/* End PBXFileReference section */

/* Begin PBXFrameworksBuildPhase section */
		5681362B282FDBF300EDD846 /* Frameworks */ = {
			isa = PBXFrameworksBuildPhase;
			buildActionMask = 2147483647;
			files = (
				C77344185FDF9A27EAAFB7F4 /* Pods_LoginExample.framework in Frameworks */,
			);
			runOnlyForDeploymentPostprocessing = 0;
		};
		56813641282FDBF600EDD846 /* Frameworks */ = {
			isa = PBXFrameworksBuildPhase;
			buildActionMask = 2147483647;
			files = (
			);
			runOnlyForDeploymentPostprocessing = 0;
		};
		5681364B282FDBF600EDD846 /* Frameworks */ = {
			isa = PBXFrameworksBuildPhase;
			buildActionMask = 2147483647;
			files = (
			);
			runOnlyForDeploymentPostprocessing = 0;
		};
/* End PBXFrameworksBuildPhase section */

/* Begin PBXGroup section */
		3A687344350DF98C067B2C29 /* Frameworks */ = {
			isa = PBXGroup;
			children = (
				DA7870255D59240ED080DC64 /* Pods_LoginExample.framework */,
			);
			name = Frameworks;
			sourceTree = "<group>";
		};
		56813625282FDBF300EDD846 = {
			isa = PBXGroup;
			children = (
				56813630282FDBF300EDD846 /* LoginExample */,
				56813647282FDBF600EDD846 /* LoginExampleTests */,
				56813651282FDBF600EDD846 /* LoginExampleUITests */,
				5681362F282FDBF300EDD846 /* Products */,
				8F62B702BA026AB04BB94CDE /* Pods */,
				3A687344350DF98C067B2C29 /* Frameworks */,
			);
			sourceTree = "<group>";
		};
		5681362F282FDBF300EDD846 /* Products */ = {
			isa = PBXGroup;
			children = (
				5681362E282FDBF300EDD846 /* LoginExample.app */,
				56813644282FDBF600EDD846 /* LoginExampleTests.xctest */,
				5681364E282FDBF600EDD846 /* LoginExampleUITests.xctest */,
			);
			name = Products;
			sourceTree = "<group>";
		};
		56813630282FDBF300EDD846 /* LoginExample */ = {
			isa = PBXGroup;
			children = (
				56813635282FDBF300EDD846 /* LoginViewController.swift */,
				56813631282FDBF300EDD846 /* AppDelegate.swift */,
				56813633282FDBF300EDD846 /* SceneDelegate.swift */,
				5681363A282FDBF600EDD846 /* Assets.xcassets */,
				5681363C282FDBF600EDD846 /* LaunchScreen.storyboard */,
				5681363F282FDBF600EDD846 /* Info.plist */,
			);
			path = LoginExample;
			sourceTree = "<group>";
		};
		56813647282FDBF600EDD846 /* LoginExampleTests */ = {
			isa = PBXGroup;
			children = (
				56813648282FDBF600EDD846 /* LoginExampleTests.swift */,
			);
			path = LoginExampleTests;
			sourceTree = "<group>";
		};
		56813651282FDBF600EDD846 /* LoginExampleUITests */ = {
			isa = PBXGroup;
			children = (
				56813652282FDBF600EDD846 /* LoginExampleUITests.swift */,
				56813654282FDBF600EDD846 /* LoginExampleUITestsLaunchTests.swift */,
			);
			path = LoginExampleUITests;
			sourceTree = "<group>";
		};
		8F62B702BA026AB04BB94CDE /* Pods */ = {
			isa = PBXGroup;
			children = (
				5D12FD414946445C9D621F0C /* Pods-LoginExample.debug.xcconfig */,
				80D3262F79388878DAA37618 /* Pods-LoginExample.release.xcconfig */,
			);
			path = Pods;
			sourceTree = "<group>";
		};
/* End PBXGroup section */

/* Begin PBXNativeTarget section */
		5681362D282FDBF300EDD846 /* LoginExample */ = {
			isa = PBXNativeTarget;
			buildConfigurationList = 56813658282FDBF600EDD846 /* Build configuration list for PBXNativeTarget "LoginExample" */;
			buildPhases = (
				0174A877D34772550D4DC4A4 /* [CP] Check Pods Manifest.lock */,
				5681362A282FDBF300EDD846 /* Sources */,
				5681362B282FDBF300EDD846 /* Frameworks */,
				5681362C282FDBF300EDD846 /* Resources */,
				F4998D8EA1C5843BF92A4AAD /* [CP] Embed Pods Frameworks */,
			);
			buildRules = (
			);
			dependencies = (
			);
			name = LoginExample;
			productName = LoginExample;
			productReference = 5681362E282FDBF300EDD846 /* LoginExample.app */;
			productType = "com.apple.product-type.application";
		};
		56813643282FDBF600EDD846 /* LoginExampleTests */ = {
			isa = PBXNativeTarget;
			buildConfigurationList = 5681365B282FDBF600EDD846 /* Build configuration list for PBXNativeTarget "LoginExampleTests" */;
			buildPhases = (
				56813640282FDBF600EDD846 /* Sources */,
				56813641282FDBF600EDD846 /* Frameworks */,
				56813642282FDBF600EDD846 /* Resources */,
			);
			buildRules = (
			);
			dependencies = (
				56813646282FDBF600EDD846 /* PBXTargetDependency */,
			);
			name = LoginExampleTests;
			productName = LoginExampleTests;
			productReference = 56813644282FDBF600EDD846 /* LoginExampleTests.xctest */;
			productType = "com.apple.product-type.bundle.unit-test";
		};
		5681364D282FDBF600EDD846 /* LoginExampleUITests */ = {
			isa = PBXNativeTarget;
			buildConfigurationList = 5681365E282FDBF600EDD846 /* Build configuration list for PBXNativeTarget "LoginExampleUITests" */;
			buildPhases = (
				5681364A282FDBF600EDD846 /* Sources */,
				5681364B282FDBF600EDD846 /* Frameworks */,
				5681364C282FDBF600EDD846 /* Resources */,
			);
			buildRules = (
			);
			dependencies = (
				56813650282FDBF600EDD846 /* PBXTargetDependency */,
			);
			name = LoginExampleUITests;
			productName = LoginExampleUITests;
			productReference = 5681364E282FDBF600EDD846 /* LoginExampleUITests.xctest */;
			productType = "com.apple.product-type.bundle.ui-testing";
		};
/* End PBXNativeTarget section */

/* Begin PBXProject section */
		56813626282FDBF300EDD846 /* Project object */ = {
			isa = PBXProject;
			attributes = {
				BuildIndependentTargetsInParallel = 1;
				LastSwiftUpdateCheck = 1330;
				LastUpgradeCheck = 1330;
				TargetAttributes = {
					5681362D282FDBF300EDD846 = {
						CreatedOnToolsVersion = 13.3.1;
					};
					56813643282FDBF600EDD846 = {
						CreatedOnToolsVersion = 13.3.1;
						TestTargetID = 5681362D282FDBF300EDD846;
					};
					5681364D282FDBF600EDD846 = {
						CreatedOnToolsVersion = 13.3.1;
						TestTargetID = 5681362D282FDBF300EDD846;
					};
				};
			};
			buildConfigurationList = 56813629282FDBF300EDD846 /* Build configuration list for PBXProject "LoginExample" */;
			compatibilityVersion = "Xcode 13.0";
			developmentRegion = en;
			hasScannedForEncodings = 0;
			knownRegions = (
				en,
				Base,
			);
			mainGroup = 56813625282FDBF300EDD846;
			productRefGroup = 5681362F282FDBF300EDD846 /* Products */;
			projectDirPath = "";
			projectRoot = "";
			targets = (
				5681362D282FDBF300EDD846 /* LoginExample */,
				56813643282FDBF600EDD846 /* LoginExampleTests */,
				5681364D282FDBF600EDD846 /* LoginExampleUITests */,
			);
		};
/* End PBXProject section */

/* Begin PBXResourcesBuildPhase section */
		5681362C282FDBF300EDD846 /* Resources */ = {
			isa = PBXResourcesBuildPhase;
			buildActionMask = 2147483647;
			files = (
				5681363E282FDBF600EDD846 /* LaunchScreen.storyboard in Resources */,
				5681363B282FDBF600EDD846 /* Assets.xcassets in Resources */,
			);
			runOnlyForDeploymentPostprocessing = 0;
		};
		56813642282FDBF600EDD846 /* Resources */ = {
			isa = PBXResourcesBuildPhase;
			buildActionMask = 2147483647;
			files = (
			);
			runOnlyForDeploymentPostprocessing = 0;
		};
		5681364C282FDBF600EDD846 /* Resources */ = {
			isa = PBXResourcesBuildPhase;
			buildActionMask = 2147483647;
			files = (
			);
			runOnlyForDeploymentPostprocessing = 0;
		};
/* End PBXResourcesBuildPhase section */

/* Begin PBXShellScriptBuildPhase section */
		0174A877D34772550D4DC4A4 /* [CP] Check Pods Manifest.lock */ = {
			isa = PBXShellScriptBuildPhase;
			buildActionMask = 2147483647;
			files = (
			);
			inputFileListPaths = (
			);
			inputPaths = (
				"${PODS_PODFILE_DIR_PATH}/Podfile.lock",
				"${PODS_ROOT}/Manifest.lock",
			);
			name = "[CP] Check Pods Manifest.lock";
			outputFileListPaths = (
			);
			outputPaths = (
				"$(DERIVED_FILE_DIR)/Pods-LoginExample-checkManifestLockResult.txt",
			);
			runOnlyForDeploymentPostprocessing = 0;
			shellPath = /bin/sh;
			shellScript = "diff \"${PODS_PODFILE_DIR_PATH}/Podfile.lock\" \"${PODS_ROOT}/Manifest.lock\" > /dev/null\nif [ $? != 0 ] ; then\n    # print error to STDERR\n    echo \"error: The sandbox is not in sync with the Podfile.lock. Run 'pod install' or update your CocoaPods installation.\" >&2\n    exit 1\nfi\n# This output is used by Xcode 'outputs' to avoid re-running this script phase.\necho \"SUCCESS\" > \"${SCRIPT_OUTPUT_FILE_0}\"\n";
			showEnvVarsInLog = 0;
		};
		F4998D8EA1C5843BF92A4AAD /* [CP] Embed Pods Frameworks */ = {
			isa = PBXShellScriptBuildPhase;
			buildActionMask = 2147483647;
			files = (
			);
			inputFileListPaths = (
				"${PODS_ROOT}/Target Support Files/Pods-LoginExample/Pods-LoginExample-frameworks-${CONFIGURATION}-input-files.xcfilelist",
			);
			name = "[CP] Embed Pods Frameworks";
			outputFileListPaths = (
				"${PODS_ROOT}/Target Support Files/Pods-LoginExample/Pods-LoginExample-frameworks-${CONFIGURATION}-output-files.xcfilelist",
			);
			runOnlyForDeploymentPostprocessing = 0;
			shellPath = /bin/sh;
			shellScript = "\"${PODS_ROOT}/Target Support Files/Pods-LoginExample/Pods-LoginExample-frameworks.sh\"\n";
			showEnvVarsInLog = 0;
		};
/* End PBXShellScriptBuildPhase section */

/* Begin PBXSourcesBuildPhase section */
		5681362A282FDBF300EDD846 /* Sources */ = {
			isa = PBXSourcesBuildPhase;
			buildActionMask = 2147483647;
			files = (
				56813636282FDBF300EDD846 /* LoginViewController.swift in Sources */,
				56813632282FDBF300EDD846 /* AppDelegate.swift in Sources */,
				56813634282FDBF300EDD846 /* SceneDelegate.swift in Sources */,
			);
			runOnlyForDeploymentPostprocessing = 0;
		};
		56813640282FDBF600EDD846 /* Sources */ = {
			isa = PBXSourcesBuildPhase;
			buildActionMask = 2147483647;
			files = (
				56813649282FDBF600EDD846 /* LoginExampleTests.swift in Sources */,
			);
			runOnlyForDeploymentPostprocessing = 0;
		};
		5681364A282FDBF600EDD846 /* Sources */ = {
			isa = PBXSourcesBuildPhase;
			buildActionMask = 2147483647;
			files = (
				56813653282FDBF600EDD846 /* LoginExampleUITests.swift in Sources */,
				56813655282FDBF600EDD846 /* LoginExampleUITestsLaunchTests.swift in Sources */,
			);
			runOnlyForDeploymentPostprocessing = 0;
		};
/* End PBXSourcesBuildPhase section */

/* Begin PBXTargetDependency section */
		56813646282FDBF600EDD846 /* PBXTargetDependency */ = {
			isa = PBXTargetDependency;
			target = 5681362D282FDBF300EDD846 /* LoginExample */;
			targetProxy = 56813645282FDBF600EDD846 /* PBXContainerItemProxy */;
		};
		56813650282FDBF600EDD846 /* PBXTargetDependency */ = {
			isa = PBXTargetDependency;
			target = 5681362D282FDBF300EDD846 /* LoginExample */;
			targetProxy = 5681364F282FDBF600EDD846 /* PBXContainerItemProxy */;
		};
/* End PBXTargetDependency section */

/* Begin PBXVariantGroup section */
		5681363C282FDBF600EDD846 /* LaunchScreen.storyboard */ = {
			isa = PBXVariantGroup;
			children = (
				5681363D282FDBF600EDD846 /* Base */,
			);
			name = LaunchScreen.storyboard;
			sourceTree = "<group>";
		};
/* End PBXVariantGroup section */

/* Begin XCBuildConfiguration section */
		56813656282FDBF600EDD846 /* Debug */ = {
			isa = XCBuildConfiguration;
			buildSettings = {
				ALWAYS_SEARCH_USER_PATHS = NO;
				CLANG_ANALYZER_NONNULL = YES;
				CLANG_ANALYZER_NUMBER_OBJECT_CONVERSION = YES_AGGRESSIVE;
				CLANG_CXX_LANGUAGE_STANDARD = "gnu++17";
				CLANG_ENABLE_MODULES = YES;
				CLANG_ENABLE_OBJC_ARC = YES;
				CLANG_ENABLE_OBJC_WEAK = YES;
				CLANG_WARN_BLOCK_CAPTURE_AUTORELEASING = YES;
				CLANG_WARN_BOOL_CONVERSION = YES;
				CLANG_WARN_COMMA = YES;
				CLANG_WARN_CONSTANT_CONVERSION = YES;
				CLANG_WARN_DEPRECATED_OBJC_IMPLEMENTATIONS = YES;
				CLANG_WARN_DIRECT_OBJC_ISA_USAGE = YES_ERROR;
				CLANG_WARN_DOCUMENTATION_COMMENTS = YES;
				CLANG_WARN_EMPTY_BODY = YES;
				CLANG_WARN_ENUM_CONVERSION = YES;
				CLANG_WARN_INFINITE_RECURSION = YES;
				CLANG_WARN_INT_CONVERSION = YES;
				CLANG_WARN_NON_LITERAL_NULL_CONVERSION = YES;
				CLANG_WARN_OBJC_IMPLICIT_RETAIN_SELF = YES;
				CLANG_WARN_OBJC_LITERAL_CONVERSION = YES;
				CLANG_WARN_OBJC_ROOT_CLASS = YES_ERROR;
				CLANG_WARN_QUOTED_INCLUDE_IN_FRAMEWORK_HEADER = YES;
				CLANG_WARN_RANGE_LOOP_ANALYSIS = YES;
				CLANG_WARN_STRICT_PROTOTYPES = YES;
				CLANG_WARN_SUSPICIOUS_MOVE = YES;
				CLANG_WARN_UNGUARDED_AVAILABILITY = YES_AGGRESSIVE;
				CLANG_WARN_UNREACHABLE_CODE = YES;
				CLANG_WARN__DUPLICATE_METHOD_MATCH = YES;
				COPY_PHASE_STRIP = NO;
				DEBUG_INFORMATION_FORMAT = dwarf;
				ENABLE_STRICT_OBJC_MSGSEND = YES;
				ENABLE_TESTABILITY = YES;
				GCC_C_LANGUAGE_STANDARD = gnu11;
				GCC_DYNAMIC_NO_PIC = NO;
				GCC_NO_COMMON_BLOCKS = YES;
				GCC_OPTIMIZATION_LEVEL = 0;
				GCC_PREPROCESSOR_DEFINITIONS = (
					"DEBUG=1",
					"$(inherited)",
				);
				GCC_WARN_64_TO_32_BIT_CONVERSION = YES;
				GCC_WARN_ABOUT_RETURN_TYPE = YES_ERROR;
				GCC_WARN_UNDECLARED_SELECTOR = YES;
				GCC_WARN_UNINITIALIZED_AUTOS = YES_AGGRESSIVE;
				GCC_WARN_UNUSED_FUNCTION = YES;
				GCC_WARN_UNUSED_VARIABLE = YES;
				IPHONEOS_DEPLOYMENT_TARGET = 13.0;
				MTL_ENABLE_DEBUG_INFO = INCLUDE_SOURCE;
				MTL_FAST_MATH = YES;
				ONLY_ACTIVE_ARCH = YES;
				SDKROOT = iphoneos;
				SWIFT_ACTIVE_COMPILATION_CONDITIONS = DEBUG;
				SWIFT_OPTIMIZATION_LEVEL = "-Onone";
			};
			name = Debug;
		};
		56813657282FDBF600EDD846 /* Release */ = {
			isa = XCBuildConfiguration;
			buildSettings = {
				ALWAYS_SEARCH_USER_PATHS = NO;
				CLANG_ANALYZER_NONNULL = YES;
				CLANG_ANALYZER_NUMBER_OBJECT_CONVERSION = YES_AGGRESSIVE;
				CLANG_CXX_LANGUAGE_STANDARD = "gnu++17";
				CLANG_ENABLE_MODULES = YES;
				CLANG_ENABLE_OBJC_ARC = YES;
				CLANG_ENABLE_OBJC_WEAK = YES;
				CLANG_WARN_BLOCK_CAPTURE_AUTORELEASING = YES;
				CLANG_WARN_BOOL_CONVERSION = YES;
				CLANG_WARN_COMMA = YES;
				CLANG_WARN_CONSTANT_CONVERSION = YES;
				CLANG_WARN_DEPRECATED_OBJC_IMPLEMENTATIONS = YES;
				CLANG_WARN_DIRECT_OBJC_ISA_USAGE = YES_ERROR;
				CLANG_WARN_DOCUMENTATION_COMMENTS = YES;
				CLANG_WARN_EMPTY_BODY = YES;
				CLANG_WARN_ENUM_CONVERSION = YES;
				CLANG_WARN_INFINITE_RECURSION = YES;
				CLANG_WARN_INT_CONVERSION = YES;
				CLANG_WARN_NON_LITERAL_NULL_CONVERSION = YES;
				CLANG_WARN_OBJC_IMPLICIT_RETAIN_SELF = YES;
				CLANG_WARN_OBJC_LITERAL_CONVERSION = YES;
				CLANG_WARN_OBJC_ROOT_CLASS = YES_ERROR;
				CLANG_WARN_QUOTED_INCLUDE_IN_FRAMEWORK_HEADER = YES;
				CLANG_WARN_RANGE_LOOP_ANALYSIS = YES;
				CLANG_WARN_STRICT_PROTOTYPES = YES;
				CLANG_WARN_SUSPICIOUS_MOVE = YES;
				CLANG_WARN_UNGUARDED_AVAILABILITY = YES_AGGRESSIVE;
				CLANG_WARN_UNREACHABLE_CODE = YES;
				CLANG_WARN__DUPLICATE_METHOD_MATCH = YES;
				COPY_PHASE_STRIP = NO;
				DEBUG_INFORMATION_FORMAT = "dwarf-with-dsym";
				ENABLE_NS_ASSERTIONS = NO;
				ENABLE_STRICT_OBJC_MSGSEND = YES;
				GCC_C_LANGUAGE_STANDARD = gnu11;
				GCC_NO_COMMON_BLOCKS = YES;
				GCC_WARN_64_TO_32_BIT_CONVERSION = YES;
				GCC_WARN_ABOUT_RETURN_TYPE = YES_ERROR;
				GCC_WARN_UNDECLARED_SELECTOR = YES;
				GCC_WARN_UNINITIALIZED_AUTOS = YES_AGGRESSIVE;
				GCC_WARN_UNUSED_FUNCTION = YES;
				GCC_WARN_UNUSED_VARIABLE = YES;
				IPHONEOS_DEPLOYMENT_TARGET = 13.0;
				MTL_ENABLE_DEBUG_INFO = NO;
				MTL_FAST_MATH = YES;
				ONLY_ACTIVE_ARCH = YES;
				SDKROOT = iphoneos;
				SWIFT_COMPILATION_MODE = wholemodule;
				SWIFT_OPTIMIZATION_LEVEL = "-O";
				VALIDATE_PRODUCT = YES;
			};
			name = Release;
		};
		56813659282FDBF600EDD846 /* Debug */ = {
			isa = XCBuildConfiguration;
			baseConfigurationReference = 5D12FD414946445C9D621F0C /* Pods-LoginExample.debug.xcconfig */;
			buildSettings = {
				ASSETCATALOG_COMPILER_APPICON_NAME = AppIcon;
				ASSETCATALOG_COMPILER_GLOBAL_ACCENT_COLOR_NAME = AccentColor;
				CODE_SIGN_STYLE = Automatic;
				CURRENT_PROJECT_VERSION = 1;
				DEVELOPMENT_TEAM = 3KZP62644C;
				GENERATE_INFOPLIST_FILE = YES;
				INFOPLIST_FILE = LoginExample/Info.plist;
				INFOPLIST_KEY_UIApplicationSupportsIndirectInputEvents = YES;
				INFOPLIST_KEY_UILaunchStoryboardName = LaunchScreen;
				INFOPLIST_KEY_UISupportedInterfaceOrientations_iPad = "UIInterfaceOrientationPortrait UIInterfaceOrientationPortraitUpsideDown UIInterfaceOrientationLandscapeLeft UIInterfaceOrientationLandscapeRight";
				INFOPLIST_KEY_UISupportedInterfaceOrientations_iPhone = "UIInterfaceOrientationPortrait UIInterfaceOrientationLandscapeLeft UIInterfaceOrientationLandscapeRight";
				LD_RUNPATH_SEARCH_PATHS = (
					"$(inherited)",
					"@executable_path/Frameworks",
				);
				MARKETING_VERSION = 1.0;
				PRODUCT_BUNDLE_IDENTIFIER = seungmin.LoginExample;
				PRODUCT_NAME = "$(TARGET_NAME)";
				SWIFT_EMIT_LOC_STRINGS = YES;
				SWIFT_VERSION = 5.0;
				TARGETED_DEVICE_FAMILY = "1,2";
			};
			name = Debug;
		};
		5681365A282FDBF600EDD846 /* Release */ = {
			isa = XCBuildConfiguration;
			baseConfigurationReference = 80D3262F79388878DAA37618 /* Pods-LoginExample.release.xcconfig */;
			buildSettings = {
				ASSETCATALOG_COMPILER_APPICON_NAME = AppIcon;
				ASSETCATALOG_COMPILER_GLOBAL_ACCENT_COLOR_NAME = AccentColor;
				CODE_SIGN_STYLE = Automatic;
				CURRENT_PROJECT_VERSION = 1;
				DEVELOPMENT_TEAM = 3KZP62644C;
				GENERATE_INFOPLIST_FILE = YES;
				INFOPLIST_FILE = LoginExample/Info.plist;
				INFOPLIST_KEY_UIApplicationSupportsIndirectInputEvents = YES;
				INFOPLIST_KEY_UILaunchStoryboardName = LaunchScreen;
				INFOPLIST_KEY_UISupportedInterfaceOrientations_iPad = "UIInterfaceOrientationPortrait UIInterfaceOrientationPortraitUpsideDown UIInterfaceOrientationLandscapeLeft UIInterfaceOrientationLandscapeRight";
				INFOPLIST_KEY_UISupportedInterfaceOrientations_iPhone = "UIInterfaceOrientationPortrait UIInterfaceOrientationLandscapeLeft UIInterfaceOrientationLandscapeRight";
				LD_RUNPATH_SEARCH_PATHS = (
					"$(inherited)",
					"@executable_path/Frameworks",
				);
				MARKETING_VERSION = 1.0;
				PRODUCT_BUNDLE_IDENTIFIER = seungmin.LoginExample;
				PRODUCT_NAME = "$(TARGET_NAME)";
				SWIFT_EMIT_LOC_STRINGS = YES;
				SWIFT_VERSION = 5.0;
				TARGETED_DEVICE_FAMILY = "1,2";
			};
			name = Release;
		};
		5681365C282FDBF600EDD846 /* Debug */ = {
			isa = XCBuildConfiguration;
			buildSettings = {
				ALWAYS_EMBED_SWIFT_STANDARD_LIBRARIES = YES;
				BUNDLE_LOADER = "$(TEST_HOST)";
				CODE_SIGN_STYLE = Automatic;
				CURRENT_PROJECT_VERSION = 1;
				GENERATE_INFOPLIST_FILE = YES;
				IPHONEOS_DEPLOYMENT_TARGET = 15.4;
				MARKETING_VERSION = 1.0;
				PRODUCT_BUNDLE_IDENTIFIER = seungmin.LoginExampleTests;
				PRODUCT_NAME = "$(TARGET_NAME)";
				SWIFT_EMIT_LOC_STRINGS = NO;
				SWIFT_VERSION = 5.0;
				TARGETED_DEVICE_FAMILY = "1,2";
				TEST_HOST = "$(BUILT_PRODUCTS_DIR)/LoginExample.app/LoginExample";
			};
			name = Debug;
		};
		5681365D282FDBF600EDD846 /* Release */ = {
			isa = XCBuildConfiguration;
			buildSettings = {
				ALWAYS_EMBED_SWIFT_STANDARD_LIBRARIES = YES;
				BUNDLE_LOADER = "$(TEST_HOST)";
				CODE_SIGN_STYLE = Automatic;
				CURRENT_PROJECT_VERSION = 1;
				GENERATE_INFOPLIST_FILE = YES;
				IPHONEOS_DEPLOYMENT_TARGET = 15.4;
				MARKETING_VERSION = 1.0;
				PRODUCT_BUNDLE_IDENTIFIER = seungmin.LoginExampleTests;
				PRODUCT_NAME = "$(TARGET_NAME)";
				SWIFT_EMIT_LOC_STRINGS = NO;
				SWIFT_VERSION = 5.0;
				TARGETED_DEVICE_FAMILY = "1,2";
				TEST_HOST = "$(BUILT_PRODUCTS_DIR)/LoginExample.app/LoginExample";
			};
			name = Release;
		};
		5681365F282FDBF600EDD846 /* Debug */ = {
			isa = XCBuildConfiguration;
			buildSettings = {
				ALWAYS_EMBED_SWIFT_STANDARD_LIBRARIES = YES;
				CODE_SIGN_STYLE = Automatic;
				CURRENT_PROJECT_VERSION = 1;
				GENERATE_INFOPLIST_FILE = YES;
				MARKETING_VERSION = 1.0;
				PRODUCT_BUNDLE_IDENTIFIER = seungmin.LoginExampleUITests;
				PRODUCT_NAME = "$(TARGET_NAME)";
				SWIFT_EMIT_LOC_STRINGS = NO;
				SWIFT_VERSION = 5.0;
				TARGETED_DEVICE_FAMILY = "1,2";
				TEST_TARGET_NAME = LoginExample;
			};
			name = Debug;
		};
		56813660282FDBF600EDD846 /* Release */ = {
			isa = XCBuildConfiguration;
			buildSettings = {
				ALWAYS_EMBED_SWIFT_STANDARD_LIBRARIES = YES;
				CODE_SIGN_STYLE = Automatic;
				CURRENT_PROJECT_VERSION = 1;
				GENERATE_INFOPLIST_FILE = YES;
				MARKETING_VERSION = 1.0;
				PRODUCT_BUNDLE_IDENTIFIER = seungmin.LoginExampleUITests;
				PRODUCT_NAME = "$(TARGET_NAME)";
				SWIFT_EMIT_LOC_STRINGS = NO;
				SWIFT_VERSION = 5.0;
				TARGETED_DEVICE_FAMILY = "1,2";
				TEST_TARGET_NAME = LoginExample;
			};
			name = Release;
		};
/* End XCBuildConfiguration section */

/* Begin XCConfigurationList section */
		56813629282FDBF300EDD846 /* Build configuration list for PBXProject "LoginExample" */ = {
			isa = XCConfigurationList;
			buildConfigurations = (
				56813656282FDBF600EDD846 /* Debug */,
				56813657282FDBF600EDD846 /* Release */,
			);
			defaultConfigurationIsVisible = 0;
			defaultConfigurationName = Release;
		};
		56813658282FDBF600EDD846 /* Build configuration list for PBXNativeTarget "LoginExample" */ = {
			isa = XCConfigurationList;
			buildConfigurations = (
				56813659282FDBF600EDD846 /* Debug */,
				5681365A282FDBF600EDD846 /* Release */,
			);
			defaultConfigurationIsVisible = 0;
			defaultConfigurationName = Release;
		};
		5681365B282FDBF600EDD846 /* Build configuration list for PBXNativeTarget "LoginExampleTests" */ = {
			isa = XCConfigurationList;
			buildConfigurations = (
				5681365C282FDBF600EDD846 /* Debug */,
				5681365D282FDBF600EDD846 /* Release */,
			);
			defaultConfigurationIsVisible = 0;
			defaultConfigurationName = Release;
		};
		5681365E282FDBF600EDD846 /* Build configuration list for PBXNativeTarget "LoginExampleUITests" */ = {
			isa = XCConfigurationList;
			buildConfigurations = (
				5681365F282FDBF600EDD846 /* Debug */,
				56813660282FDBF600EDD846 /* Release */,
			);
			defaultConfigurationIsVisible = 0;
			defaultConfigurationName = Release;
		};
/* End XCConfigurationList section */
	};
	rootObject = 56813626282FDBF300EDD846 /* Project object */;
}
